
Microsoft Visual Studio Solution File, Format Version 12.00
# Visual Studio Version 16
VisualStudioVersion = 16.0.31205.134
MinimumVisualStudioVersion = 10.0.40219.1
Project("{FAE04EC0-301F-11D3-BF4B-00C04F79EFBC}") = "aspcorewebapis", "aspcorewebapis.csproj", "{48A35521-AA6A-44FD-902C-3905F3E583AE}"
EndProject
Global
	GlobalSection(SolutionConfigurationPlatforms) = preSolution
		Debug|Any CPU = Debug|Any CPU
		Release|Any CPU = Release|Any CPU
	EndGlobalSection
	GlobalSection(ProjectConfigurationPlatforms) = postSolution
		{48A35521-AA6A-44FD-902C-3905F3E583AE}.Debug|Any CPU.ActiveCfg = Debug|Any CPU
		{48A35521-AA6A-44FD-902C-3905F3E583AE}.Debug|Any CPU.Build.0 = Debug|Any CPU
		{48A35521-AA6A-44FD-902C-3905F3E583AE}.Release|Any CPU.ActiveCfg = Release|Any CPU
		{48A35521-AA6A-44FD-902C-3905F3E583AE}.Release|Any CPU.Build.0 = Release|Any CPU
	EndGlobalSection
	GlobalSection(SolutionProperties) = preSolution
		HideSolutionNode = FALSE
	EndGlobalSection
	GlobalSection(ExtensibilityGlobals) = postSolution
		SolutionGuid = {0BD17BF7-6E94-431C-86B8-5C1BDA94DEA2}
	EndGlobalSection
EndGlobal
